// !$*UTF8*$!
{
	archiveVersion = 1;
	classes = {
	};
	objectVersion = 50;
	objects = {

/* Begin PBXBuildFile section */
		5E71BD2326E6A66D00772768 /* memoryzeApp.swift in Sources */ = {isa = PBXBuildFile; fileRef = 5E71BD2226E6A66D00772768 /* memoryzeApp.swift */; };
		5E71BD2526E6A66D00772768 /* ContentView.swift in Sources */ = {isa = PBXBuildFile; fileRef = 5E71BD2426E6A66D00772768 /* ContentView.swift */; };
		5E71BD2726E6A66E00772768 /* Assets.xcassets in Resources */ = {isa = PBXBuildFile; fileRef = 5E71BD2626E6A66E00772768 /* Assets.xcassets */; };
		5E71BD2A26E6A66E00772768 /* Preview Assets.xcassets in Resources */ = {isa = PBXBuildFile; fileRef = 5E71BD2926E6A66E00772768 /* Preview Assets.xcassets */; };
		5E71BD3526E6A66E00772768 /* memoryzeTests.swift in Sources */ = {isa = PBXBuildFile; fileRef = 5E71BD3426E6A66E00772768 /* memoryzeTests.swift */; };
		5E71BD4026E6A66E00772768 /* memoryzeUITests.swift in Sources */ = {isa = PBXBuildFile; fileRef = 5E71BD3F26E6A66E00772768 /* memoryzeUITests.swift */; };
/* End PBXBuildFile section */

/* Begin PBXContainerItemProxy section */
		5E71BD3126E6A66E00772768 /* PBXContainerItemProxy */ = {
			isa = PBXContainerItemProxy;
			containerPortal = 5E71BD1726E6A66D00772768 /* Project object */;
			proxyType = 1;
			remoteGlobalIDString = 5E71BD1E26E6A66D00772768;
			remoteInfo = memoryze;
		};
		5E71BD3C26E6A66E00772768 /* PBXContainerItemProxy */ = {
			isa = PBXContainerItemProxy;
			containerPortal = 5E71BD1726E6A66D00772768 /* Project object */;
			proxyType = 1;
			remoteGlobalIDString = 5E71BD1E26E6A66D00772768;
			remoteInfo = memoryze;
		};
/* End PBXContainerItemProxy section */

/* Begin PBXFileReference section */
		5E71BD1F26E6A66D00772768 /* memoryze.app */ = {isa = PBXFileReference; explicitFileType = wrapper.application; includeInIndex = 0; path = memoryze.app; sourceTree = BUILT_PRODUCTS_DIR; };
		5E71BD2226E6A66D00772768 /* memoryzeApp.swift */ = {isa = PBXFileReference; lastKnownFileType = sourcecode.swift; path = memoryzeApp.swift; sourceTree = "<group>"; };
		5E71BD2426E6A66D00772768 /* ContentView.swift */ = {isa = PBXFileReference; lastKnownFileType = sourcecode.swift; path = ContentView.swift; sourceTree = "<group>"; };
		5E71BD2626E6A66E00772768 /* Assets.xcassets */ = {isa = PBXFileReference; lastKnownFileType = folder.assetcatalog; path = Assets.xcassets; sourceTree = "<group>"; };
		5E71BD2926E6A66E00772768 /* Preview Assets.xcassets */ = {isa = PBXFileReference; lastKnownFileType = folder.assetcatalog; path = "Preview Assets.xcassets"; sourceTree = "<group>"; };
		5E71BD2B26E6A66E00772768 /* Info.plist */ = {isa = PBXFileReference; lastKnownFileType = text.plist.xml; path = Info.plist; sourceTree = "<group>"; };
		5E71BD3026E6A66E00772768 /* memoryzeTests.xctest */ = {isa = PBXFileReference; explicitFileType = wrapper.cfbundle; includeInIndex = 0; path = memoryzeTests.xctest; sourceTree = BUILT_PRODUCTS_DIR; };
		5E71BD3426E6A66E00772768 /* memoryzeTests.swift */ = {isa = PBXFileReference; lastKnownFileType = sourcecode.swift; path = memoryzeTests.swift; sourceTree = "<group>"; };
		5E71BD3626E6A66E00772768 /* Info.plist */ = {isa = PBXFileReference; lastKnownFileType = text.plist.xml; path = Info.plist; sourceTree = "<group>"; };
		5E71BD3B26E6A66E00772768 /* memoryzeUITests.xctest */ = {isa = PBXFileReference; explicitFileType = wrapper.cfbundle; includeInIndex = 0; path = memoryzeUITests.xctest; sourceTree = BUILT_PRODUCTS_DIR; };
		5E71BD3F26E6A66E00772768 /* memoryzeUITests.swift */ = {isa = PBXFileReference; lastKnownFileType = sourcecode.swift; path = memoryzeUITests.swift; sourceTree = "<group>"; };
		5E71BD4126E6A66E00772768 /* Info.plist */ = {isa = PBXFileReference; lastKnownFileType = text.plist.xml; path = Info.plist; sourceTree = "<group>"; };
/* End PBXFileReference section */

/* Begin PBXFrameworksBuildPhase section */
		5E71BD1C26E6A66D00772768 /* Frameworks */ = {
			isa = PBXFrameworksBuildPhase;
			buildActionMask = 2147483647;
			files = (
			);
			runOnlyForDeploymentPostprocessing = 0;
		};
		5E71BD2D26E6A66E00772768 /* Frameworks */ = {
			isa = PBXFrameworksBuildPhase;
			buildActionMask = 2147483647;
			files = (
			);
			runOnlyForDeploymentPostprocessing = 0;
		};
		5E71BD3826E6A66E00772768 /* Frameworks */ = {
			isa = PBXFrameworksBuildPhase;
			buildActionMask = 2147483647;
			files = (
			);
			runOnlyForDeploymentPostprocessing = 0;
		};
/* End PBXFrameworksBuildPhase section */

/* Begin PBXGroup section */
		5E71BD1626E6A66D00772768 = {
			isa = PBXGroup;
			children = (
				5E71BD2126E6A66D00772768 /* memoryze */,
				5E71BD3326E6A66E00772768 /* memoryzeTests */,
				5E71BD3E26E6A66E00772768 /* memoryzeUITests */,
				5E71BD2026E6A66D00772768 /* Products */,
			);
			sourceTree = "<group>";
		};
		5E71BD2026E6A66D00772768 /* Products */ = {
			isa = PBXGroup;
			children = (
				5E71BD1F26E6A66D00772768 /* memoryze.app */,
				5E71BD3026E6A66E00772768 /* memoryzeTests.xctest */,
				5E71BD3B26E6A66E00772768 /* memoryzeUITests.xctest */,
			);
			name = Products;
			sourceTree = "<group>";
		};
		5E71BD2126E6A66D00772768 /* memoryze */ = {
			isa = PBXGroup;
			children = (
				5E71BD2226E6A66D00772768 /* memoryzeApp.swift */,
				5E71BD2426E6A66D00772768 /* ContentView.swift */,
				5E71BD2626E6A66E00772768 /* Assets.xcassets */,
				5E71BD2B26E6A66E00772768 /* Info.plist */,
				5E71BD2826E6A66E00772768 /* Preview Content */,
			);
			path = memoryze;
			sourceTree = "<group>";
		};
		5E71BD2826E6A66E00772768 /* Preview Content */ = {
			isa = PBXGroup;
			children = (
				5E71BD2926E6A66E00772768 /* Preview Assets.xcassets */,
			);
			path = "Preview Content";
			sourceTree = "<group>";
		};
		5E71BD3326E6A66E00772768 /* memoryzeTests */ = {
			isa = PBXGroup;
			children = (
				5E71BD3426E6A66E00772768 /* memoryzeTests.swift */,
				5E71BD3626E6A66E00772768 /* Info.plist */,
			);
			path = memoryzeTests;
			sourceTree = "<group>";
		};
		5E71BD3E26E6A66E00772768 /* memoryzeUITests */ = {
			isa = PBXGroup;
			children = (
				5E71BD3F26E6A66E00772768 /* memoryzeUITests.swift */,
				5E71BD4126E6A66E00772768 /* Info.plist */,
			);
			path = memoryzeUITests;
			sourceTree = "<group>";
		};
/* End PBXGroup section */

/* Begin PBXNativeTarget section */
		5E71BD1E26E6A66D00772768 /* memoryze */ = {
			isa = PBXNativeTarget;
			buildConfigurationList = 5E71BD4426E6A66E00772768 /* Build configuration list for PBXNativeTarget "memoryze" */;
			buildPhases = (
				5E71BD1B26E6A66D00772768 /* Sources */,
				5E71BD1C26E6A66D00772768 /* Frameworks */,
				5E71BD1D26E6A66D00772768 /* Resources */,
			);
			buildRules = (
			);
			dependencies = (
			);
			name = memoryze;
			productName = memoryze;
			productReference = 5E71BD1F26E6A66D00772768 /* memoryze.app */;
			productType = "com.apple.product-type.application";
		};
		5E71BD2F26E6A66E00772768 /* memoryzeTests */ = {
			isa = PBXNativeTarget;
			buildConfigurationList = 5E71BD4726E6A66E00772768 /* Build configuration list for PBXNativeTarget "memoryzeTests" */;
			buildPhases = (
				5E71BD2C26E6A66E00772768 /* Sources */,
				5E71BD2D26E6A66E00772768 /* Frameworks */,
				5E71BD2E26E6A66E00772768 /* Resources */,
			);
			buildRules = (
			);
			dependencies = (
				5E71BD3226E6A66E00772768 /* PBXTargetDependency */,
			);
			name = memoryzeTests;
			productName = memoryzeTests;
			productReference = 5E71BD3026E6A66E00772768 /* memoryzeTests.xctest */;
			productType = "com.apple.product-type.bundle.unit-test";
		};
		5E71BD3A26E6A66E00772768 /* memoryzeUITests */ = {
			isa = PBXNativeTarget;
			buildConfigurationList = 5E71BD4A26E6A66E00772768 /* Build configuration list for PBXNativeTarget "memoryzeUITests" */;
			buildPhases = (
				5E71BD3726E6A66E00772768 /* Sources */,
				5E71BD3826E6A66E00772768 /* Frameworks */,
				5E71BD3926E6A66E00772768 /* Resources */,
			);
			buildRules = (
			);
			dependencies = (
				5E71BD3D26E6A66E00772768 /* PBXTargetDependency */,
			);
			name = memoryzeUITests;
			productName = memoryzeUITests;
			productReference = 5E71BD3B26E6A66E00772768 /* memoryzeUITests.xctest */;
			productType = "com.apple.product-type.bundle.ui-testing";
		};
/* End PBXNativeTarget section */

/* Begin PBXProject section */
		5E71BD1726E6A66D00772768 /* Project object */ = {
			isa = PBXProject;
			attributes = {
				LastSwiftUpdateCheck = 1240;
				LastUpgradeCheck = 1240;
				TargetAttributes = {
					5E71BD1E26E6A66D00772768 = {
						CreatedOnToolsVersion = 12.4;
					};
					5E71BD2F26E6A66E00772768 = {
						CreatedOnToolsVersion = 12.4;
						TestTargetID = 5E71BD1E26E6A66D00772768;
					};
					5E71BD3A26E6A66E00772768 = {
						CreatedOnToolsVersion = 12.4;
						TestTargetID = 5E71BD1E26E6A66D00772768;
					};
				};
			};
			buildConfigurationList = 5E71BD1A26E6A66D00772768 /* Build configuration list for PBXProject "memoryze" */;
			compatibilityVersion = "Xcode 9.3";
			developmentRegion = en;
			hasScannedForEncodings = 0;
			knownRegions = (
				en,
				Base,
			);
			mainGroup = 5E71BD1626E6A66D00772768;
			productRefGroup = 5E71BD2026E6A66D00772768 /* Products */;
			projectDirPath = "";
			projectRoot = "";
			targets = (
				5E71BD1E26E6A66D00772768 /* memoryze */,
				5E71BD2F26E6A66E00772768 /* memoryzeTests */,
				5E71BD3A26E6A66E00772768 /* memoryzeUITests */,
			);
		};
/* End PBXProject section */

/* Begin PBXResourcesBuildPhase section */
		5E71BD1D26E6A66D00772768 /* Resources */ = {
			isa = PBXResourcesBuildPhase;
			buildActionMask = 2147483647;
			files = (
				5E71BD2A26E6A66E00772768 /* Preview Assets.xcassets in Resources */,
				5E71BD2726E6A66E00772768 /* Assets.xcassets in Resources */,
			);
			runOnlyForDeploymentPostprocessing = 0;
		};
		5E71BD2E26E6A66E00772768 /* Resources */ = {
			isa = PBXResourcesBuildPhase;
			buildActionMask = 2147483647;
			files = (
			);
			runOnlyForDeploymentPostprocessing = 0;
		};
		5E71BD3926E6A66E00772768 /* Resources */ = {
			isa = PBXResourcesBuildPhase;
			buildActionMask = 2147483647;
			files = (
			);
			runOnlyForDeploymentPostprocessing = 0;
		};
/* End PBXResourcesBuildPhase section */

/* Begin PBXSourcesBuildPhase section */
		5E71BD1B26E6A66D00772768 /* Sources */ = {
			isa = PBXSourcesBuildPhase;
			buildActionMask = 2147483647;
			files = (
				5E71BD2526E6A66D00772768 /* ContentView.swift in Sources */,
				5E71BD2326E6A66D00772768 /* memoryzeApp.swift in Sources */,
			);
			runOnlyForDeploymentPostprocessing = 0;
		};
		5E71BD2C26E6A66E00772768 /* Sources */ = {
			isa = PBXSourcesBuildPhase;
			buildActionMask = 2147483647;
			files = (
				5E71BD3526E6A66E00772768 /* memoryzeTests.swift in Sources */,
			);
			runOnlyForDeploymentPostprocessing = 0;
		};
		5E71BD3726E6A66E00772768 /* Sources */ = {
			isa = PBXSourcesBuildPhase;
			buildActionMask = 2147483647;
			files = (
				5E71BD4026E6A66E00772768 /* memoryzeUITests.swift in Sources */,
			);
			runOnlyForDeploymentPostprocessing = 0;
		};
/* End PBXSourcesBuildPhase section */

/* Begin PBXTargetDependency section */
		5E71BD3226E6A66E00772768 /* PBXTargetDependency */ = {
			isa = PBXTargetDependency;
			target = 5E71BD1E26E6A66D00772768 /* memoryze */;
			targetProxy = 5E71BD3126E6A66E00772768 /* PBXContainerItemProxy */;
		};
		5E71BD3D26E6A66E00772768 /* PBXTargetDependency */ = {
			isa = PBXTargetDependency;
			target = 5E71BD1E26E6A66D00772768 /* memoryze */;
			targetProxy = 5E71BD3C26E6A66E00772768 /* PBXContainerItemProxy */;
		};
/* End PBXTargetDependency section */

/* Begin XCBuildConfiguration section */
		5E71BD4226E6A66E00772768 /* Debug */ = {
			isa = XCBuildConfiguration;
			buildSettings = {
				ALWAYS_SEARCH_USER_PATHS = NO;
				CLANG_ANALYZER_NONNULL = YES;
				CLANG_ANALYZER_NUMBER_OBJECT_CONVERSION = YES_AGGRESSIVE;
				CLANG_CXX_LANGUAGE_STANDARD = "gnu++14";
				CLANG_CXX_LIBRARY = "libc++";
				CLANG_ENABLE_MODULES = YES;
				CLANG_ENABLE_OBJC_ARC = YES;
				CLANG_ENABLE_OBJC_WEAK = YES;
				CLANG_WARN_BLOCK_CAPTURE_AUTORELEASING = YES;
				CLANG_WARN_BOOL_CONVERSION = YES;
				CLANG_WARN_COMMA = YES;
				CLANG_WARN_CONSTANT_CONVERSION = YES;
				CLANG_WARN_DEPRECATED_OBJC_IMPLEMENTATIONS = YES;
				CLANG_WARN_DIRECT_OBJC_ISA_USAGE = YES_ERROR;
				CLANG_WARN_DOCUMENTATION_COMMENTS = YES;
				CLANG_WARN_EMPTY_BODY = YES;
				CLANG_WARN_ENUM_CONVERSION = YES;
				CLANG_WARN_INFINITE_RECURSION = YES;
				CLANG_WARN_INT_CONVERSION = YES;
				CLANG_WARN_NON_LITERAL_NULL_CONVERSION = YES;
				CLANG_WARN_OBJC_IMPLICIT_RETAIN_SELF = YES;
				CLANG_WARN_OBJC_LITERAL_CONVERSION = YES;
				CLANG_WARN_OBJC_ROOT_CLASS = YES_ERROR;
				CLANG_WARN_QUOTED_INCLUDE_IN_FRAMEWORK_HEADER = YES;
				CLANG_WARN_RANGE_LOOP_ANALYSIS = YES;
				CLANG_WARN_STRICT_PROTOTYPES = YES;
				CLANG_WARN_SUSPICIOUS_MOVE = YES;
				CLANG_WARN_UNGUARDED_AVAILABILITY = YES_AGGRESSIVE;
				CLANG_WARN_UNREACHABLE_CODE = YES;
				CLANG_WARN__DUPLICATE_METHOD_MATCH = YES;
				COPY_PHASE_STRIP = NO;
				DEBUG_INFORMATION_FORMAT = dwarf;
				ENABLE_STRICT_OBJC_MSGSEND = YES;
				ENABLE_TESTABILITY = YES;
				GCC_C_LANGUAGE_STANDARD = gnu11;
				GCC_DYNAMIC_NO_PIC = NO;
				GCC_NO_COMMON_BLOCKS = YES;
				GCC_OPTIMIZATION_LEVEL = 0;
				GCC_PREPROCESSOR_DEFINITIONS = (
					"DEBUG=1",
					"$(inherited)",
				);
				GCC_WARN_64_TO_32_BIT_CONVERSION = YES;
				GCC_WARN_ABOUT_RETURN_TYPE = YES_ERROR;
				GCC_WARN_UNDECLARED_SELECTOR = YES;
				GCC_WARN_UNINITIALIZED_AUTOS = YES_AGGRESSIVE;
				GCC_WARN_UNUSED_FUNCTION = YES;
				GCC_WARN_UNUSED_VARIABLE = YES;
				IPHONEOS_DEPLOYMENT_TARGET = 14.4;
				MTL_ENABLE_DEBUG_INFO = INCLUDE_SOURCE;
				MTL_FAST_MATH = YES;
				ONLY_ACTIVE_ARCH = YES;
				SDKROOT = iphoneos;
				SWIFT_ACTIVE_COMPILATION_CONDITIONS = DEBUG;
				SWIFT_OPTIMIZATION_LEVEL = "-Onone";
			};
			name = Debug;
		};
		5E71BD4326E6A66E00772768 /* Release */ = {
			isa = XCBuildConfiguration;
			buildSettings = {
				ALWAYS_SEARCH_USER_PATHS = NO;
				CLANG_ANALYZER_NONNULL = YES;
				CLANG_ANALYZER_NUMBER_OBJECT_CONVERSION = YES_AGGRESSIVE;
				CLANG_CXX_LANGUAGE_STANDARD = "gnu++14";
				CLANG_CXX_LIBRARY = "libc++";
				CLANG_ENABLE_MODULES = YES;
				CLANG_ENABLE_OBJC_ARC = YES;
				CLANG_ENABLE_OBJC_WEAK = YES;
				CLANG_WARN_BLOCK_CAPTURE_AUTORELEASING = YES;
				CLANG_WARN_BOOL_CONVERSION = YES;
				CLANG_WARN_COMMA = YES;
				CLANG_WARN_CONSTANT_CONVERSION = YES;
				CLANG_WARN_DEPRECATED_OBJC_IMPLEMENTATIONS = YES;
				CLANG_WARN_DIRECT_OBJC_ISA_USAGE = YES_ERROR;
				CLANG_WARN_DOCUMENTATION_COMMENTS = YES;
				CLANG_WARN_EMPTY_BODY = YES;
				CLANG_WARN_ENUM_CONVERSION = YES;
				CLANG_WARN_INFINITE_RECURSION = YES;
				CLANG_WARN_INT_CONVERSION = YES;
				CLANG_WARN_NON_LITERAL_NULL_CONVERSION = YES;
				CLANG_WARN_OBJC_IMPLICIT_RETAIN_SELF = YES;
				CLANG_WARN_OBJC_LITERAL_CONVERSION = YES;
				CLANG_WARN_OBJC_ROOT_CLASS = YES_ERROR;
				CLANG_WARN_QUOTED_INCLUDE_IN_FRAMEWORK_HEADER = YES;
				CLANG_WARN_RANGE_LOOP_ANALYSIS = YES;
				CLANG_WARN_STRICT_PROTOTYPES = YES;
				CLANG_WARN_SUSPICIOUS_MOVE = YES;
				CLANG_WARN_UNGUARDED_AVAILABILITY = YES_AGGRESSIVE;
				CLANG_WARN_UNREACHABLE_CODE = YES;
				CLANG_WARN__DUPLICATE_METHOD_MATCH = YES;
				COPY_PHASE_STRIP = NO;
				DEBUG_INFORMATION_FORMAT = "dwarf-with-dsym";
				ENABLE_NS_ASSERTIONS = NO;
				ENABLE_STRICT_OBJC_MSGSEND = YES;
				GCC_C_LANGUAGE_STANDARD = gnu11;
				GCC_NO_COMMON_BLOCKS = YES;
				GCC_WARN_64_TO_32_BIT_CONVERSION = YES;
				GCC_WARN_ABOUT_RETURN_TYPE = YES_ERROR;
				GCC_WARN_UNDECLARED_SELECTOR = YES;
				GCC_WARN_UNINITIALIZED_AUTOS = YES_AGGRESSIVE;
				GCC_WARN_UNUSED_FUNCTION = YES;
				GCC_WARN_UNUSED_VARIABLE = YES;
				IPHONEOS_DEPLOYMENT_TARGET = 14.4;
				MTL_ENABLE_DEBUG_INFO = NO;
				MTL_FAST_MATH = YES;
				SDKROOT = iphoneos;
				SWIFT_COMPILATION_MODE = wholemodule;
				SWIFT_OPTIMIZATION_LEVEL = "-O";
				VALIDATE_PRODUCT = YES;
			};
			name = Release;
		};
		5E71BD4526E6A66E00772768 /* Debug */ = {
			isa = XCBuildConfiguration;
			buildSettings = {
				ASSETCATALOG_COMPILER_APPICON_NAME = AppIcon;
				ASSETCATALOG_COMPILER_GLOBAL_ACCENT_COLOR_NAME = AccentColor;
				CODE_SIGN_STYLE = Automatic;
				DEVELOPMENT_ASSET_PATHS = "\"memoryze/Preview Content\"";
				DEVELOPMENT_TEAM = 2AUHXA9F4M;
				ENABLE_PREVIEWS = YES;
				INFOPLIST_FILE = memoryze/Info.plist;
				IPHONEOS_DEPLOYMENT_TARGET = 14.0;
				LD_RUNPATH_SEARCH_PATHS = (
					"$(inherited)",
					"@executable_path/Frameworks",
				);
				PRODUCT_BUNDLE_IDENTIFIER = cuongtn.memoryze;
				PRODUCT_NAME = "$(TARGET_NAME)";
				SWIFT_VERSION = 5.0;
				TARGETED_DEVICE_FAMILY = "1,2";
			};
			name = Debug;
		};
		5E71BD4626E6A66E00772768 /* Release */ = {
			isa = XCBuildConfiguration;
			buildSettings = {
				ASSETCATALOG_COMPILER_APPICON_NAME = AppIcon;
				ASSETCATALOG_COMPILER_GLOBAL_ACCENT_COLOR_NAME = AccentColor;
				CODE_SIGN_STYLE = Automatic;
				DEVELOPMENT_ASSET_PATHS = "\"memoryze/Preview Content\"";
				DEVELOPMENT_TEAM = 2AUHXA9F4M;
				ENABLE_PREVIEWS = YES;
				INFOPLIST_FILE = memoryze/Info.plist;
				IPHONEOS_DEPLOYMENT_TARGET = 14.0;
				LD_RUNPATH_SEARCH_PATHS = (
					"$(inherited)",
					"@executable_path/Frameworks",
				);
				PRODUCT_BUNDLE_IDENTIFIER = cuongtn.memoryze;
				PRODUCT_NAME = "$(TARGET_NAME)";
				SWIFT_VERSION = 5.0;
				TARGETED_DEVICE_FAMILY = "1,2";
			};
			name = Release;
		};
		5E71BD4826E6A66E00772768 /* Debug */ = {
			isa = XCBuildConfiguration;
			buildSettings = {
				ALWAYS_EMBED_SWIFT_STANDARD_LIBRARIES = YES;
				BUNDLE_LOADER = "$(TEST_HOST)";
				CODE_SIGN_STYLE = Automatic;
				DEVELOPMENT_TEAM = 2AUHXA9F4M;
				INFOPLIST_FILE = memoryzeTests/Info.plist;
				IPHONEOS_DEPLOYMENT_TARGET = 14.0;
				LD_RUNPATH_SEARCH_PATHS = (
					"$(inherited)",
					"@executable_path/Frameworks",
					"@loader_path/Frameworks",
				);
				PRODUCT_BUNDLE_IDENTIFIER = cuongtn.memoryzeTests;
				PRODUCT_NAME = "$(TARGET_NAME)";
				SWIFT_VERSION = 5.0;
				TARGETED_DEVICE_FAMILY = "1,2";
				TEST_HOST = "$(BUILT_PRODUCTS_DIR)/memoryze.app/memoryze";
			};
			name = Debug;
		};
		5E71BD4926E6A66E00772768 /* Release */ = {
			isa = XCBuildConfiguration;
			buildSettings = {
				ALWAYS_EMBED_SWIFT_STANDARD_LIBRARIES = YES;
				BUNDLE_LOADER = "$(TEST_HOST)";
				CODE_SIGN_STYLE = Automatic;
				DEVELOPMENT_TEAM = 2AUHXA9F4M;
				INFOPLIST_FILE = memoryzeTests/Info.plist;
				IPHONEOS_DEPLOYMENT_TARGET = 14.0;
				LD_RUNPATH_SEARCH_PATHS = (
					"$(inherited)",
					"@executable_path/Frameworks",
					"@loader_path/Frameworks",
				);
				PRODUCT_BUNDLE_IDENTIFIER = cuongtn.memoryzeTests;
				PRODUCT_NAME = "$(TARGET_NAME)";
				SWIFT_VERSION = 5.0;
				TARGETED_DEVICE_FAMILY = "1,2";
				TEST_HOST = "$(BUILT_PRODUCTS_DIR)/memoryze.app/memoryze";
			};
			name = Release;
		};
		5E71BD4B26E6A66E00772768 /* Debug */ = {
			isa = XCBuildConfiguration;
			buildSettings = {
				ALWAYS_EMBED_SWIFT_STANDARD_LIBRARIES = YES;
				CODE_SIGN_STYLE = Automatic;
				DEVELOPMENT_TEAM = 2AUHXA9F4M;
				INFOPLIST_FILE = memoryzeUITests/Info.plist;
				LD_RUNPATH_SEARCH_PATHS = (
					"$(inherited)",
					"@executable_path/Frameworks",
					"@loader_path/Frameworks",
				);
				PRODUCT_BUNDLE_IDENTIFIER = cuongtn.memoryzeUITests;
				PRODUCT_NAME = "$(TARGET_NAME)";
				SWIFT_VERSION = 5.0;
				TARGETED_DEVICE_FAMILY = "1,2";
				TEST_TARGET_NAME = memoryze;
			};
			name = Debug;
		};
		5E71BD4C26E6A66E00772768 /* Release */ = {
			isa = XCBuildConfiguration;
			buildSettings = {
				ALWAYS_EMBED_SWIFT_STANDARD_LIBRARIES = YES;
				CODE_SIGN_STYLE = Automatic;
				DEVELOPMENT_TEAM = 2AUHXA9F4M;
				INFOPLIST_FILE = memoryzeUITests/Info.plist;
				LD_RUNPATH_SEARCH_PATHS = (
					"$(inherited)",
					"@executable_path/Frameworks",
					"@loader_path/Frameworks",
				);
				PRODUCT_BUNDLE_IDENTIFIER = cuongtn.memoryzeUITests;
				PRODUCT_NAME = "$(TARGET_NAME)";
				SWIFT_VERSION = 5.0;
				TARGETED_DEVICE_FAMILY = "1,2";
				TEST_TARGET_NAME = memoryze;
			};
			name = Release;
		};
/* End XCBuildConfiguration section */

/* Begin XCConfigurationList section */
		5E71BD1A26E6A66D00772768 /* Build configuration list for PBXProject "memoryze" */ = {
			isa = XCConfigurationList;
			buildConfigurations = (
				5E71BD4226E6A66E00772768 /* Debug */,
				5E71BD4326E6A66E00772768 /* Release */,
			);
			defaultConfigurationIsVisible = 0;
			defaultConfigurationName = Release;
		};
		5E71BD4426E6A66E00772768 /* Build configuration list for PBXNativeTarget "memoryze" */ = {
			isa = XCConfigurationList;
			buildConfigurations = (
				5E71BD4526E6A66E00772768 /* Debug */,
				5E71BD4626E6A66E00772768 /* Release */,
			);
			defaultConfigurationIsVisible = 0;
			defaultConfigurationName = Release;
		};
		5E71BD4726E6A66E00772768 /* Build configuration list for PBXNativeTarget "memoryzeTests" */ = {
			isa = XCConfigurationList;
			buildConfigurations = (
				5E71BD4826E6A66E00772768 /* Debug */,
				5E71BD4926E6A66E00772768 /* Release */,
			);
			defaultConfigurationIsVisible = 0;
			defaultConfigurationName = Release;
		};
		5E71BD4A26E6A66E00772768 /* Build configuration list for PBXNativeTarget "memoryzeUITests" */ = {
			isa = XCConfigurationList;
			buildConfigurations = (
				5E71BD4B26E6A66E00772768 /* Debug */,
				5E71BD4C26E6A66E00772768 /* Release */,
			);
			defaultConfigurationIsVisible = 0;
			defaultConfigurationName = Release;
		};
/* End XCConfigurationList section */
	};
	rootObject = 5E71BD1726E6A66D00772768 /* Project object */;
}
